
Microsoft Visual Studio Solution File, Format Version 12.00
# Visual Studio Version 16
VisualStudioVersion = 16.0.28407.52
MinimumVisualStudioVersion = 10.0.40219.1
Project("{9A19103F-16F7-4668-BE54-9A1E7A4F7556}") = "AdventCalendar", "AdventCalendar\AdventCalendar.csproj", "{EB941D16-EFE2-46EC-BE67-7EB908B87C2D}"
EndProject
Project("{9A19103F-16F7-4668-BE54-9A1E7A4F7556}") = "AdventCalendar.Tests", "AdventCalendar.Tests\AdventCalendar.Tests.csproj", "{5444E3DB-AF01-40F6-AFEC-2DF4A9A76D1B}"
EndProject
Project("{9A19103F-16F7-4668-BE54-9A1E7A4F7556}") = "AdventCalendar.LongRunning", "AdventCalendar.LongRunning\AdventCalendar.LongRunning.csproj", "{29E5569B-5B1C-45D9-BF75-33A44F63CC8E}"
EndProject
Project("{9A19103F-16F7-4668-BE54-9A1E7A4F7556}") = "Day13", "Day13\Day13.csproj", "{59BDF8A0-9813-42BC-AEA3-E8573984C66F}"
EndProject
Project("{9A19103F-16F7-4668-BE54-9A1E7A4F7556}") = "Day17", "Day17\Day17.csproj", "{3D19167A-8990-4101-AA45-9118D167CD45}"
EndProject
Project("{9A19103F-16F7-4668-BE54-9A1E7A4F7556}") = "Advent.Utilities", "Advent.Utilities\Advent.Utilities.csproj", "{98B2BA72-EC43-4CCA-87C1-E39AC81BA7F2}"
EndProject
Project("{FAE04EC0-301F-11D3-BF4B-00C04F79EFBC}") = "Day15", "Day15\Day15.csproj", "{CACC1ADC-0FBC-4FF1-964F-94C336D55D2C}"
EndProject
Global
	GlobalSection(SolutionConfigurationPlatforms) = preSolution
		Debug|Any CPU = Debug|Any CPU
		Release|Any CPU = Release|Any CPU
	EndGlobalSection
	GlobalSection(ProjectConfigurationPlatforms) = postSolution
		{EB941D16-EFE2-46EC-BE67-7EB908B87C2D}.Debug|Any CPU.ActiveCfg = Debug|Any CPU
		{EB941D16-EFE2-46EC-BE67-7EB908B87C2D}.Debug|Any CPU.Build.0 = Debug|Any CPU
		{EB941D16-EFE2-46EC-BE67-7EB908B87C2D}.Release|Any CPU.ActiveCfg = Release|Any CPU
		{EB941D16-EFE2-46EC-BE67-7EB908B87C2D}.Release|Any CPU.Build.0 = Release|Any CPU
		{5444E3DB-AF01-40F6-AFEC-2DF4A9A76D1B}.Debug|Any CPU.ActiveCfg = Debug|Any CPU
		{5444E3DB-AF01-40F6-AFEC-2DF4A9A76D1B}.Debug|Any CPU.Build.0 = Debug|Any CPU
		{5444E3DB-AF01-40F6-AFEC-2DF4A9A76D1B}.Release|Any CPU.ActiveCfg = Release|Any CPU
		{5444E3DB-AF01-40F6-AFEC-2DF4A9A76D1B}.Release|Any CPU.Build.0 = Release|Any CPU
		{29E5569B-5B1C-45D9-BF75-33A44F63CC8E}.Debug|Any CPU.ActiveCfg = Debug|Any CPU
		{29E5569B-5B1C-45D9-BF75-33A44F63CC8E}.Debug|Any CPU.Build.0 = Debug|Any CPU
		{29E5569B-5B1C-45D9-BF75-33A44F63CC8E}.Release|Any CPU.ActiveCfg = Release|Any CPU
		{29E5569B-5B1C-45D9-BF75-33A44F63CC8E}.Release|Any CPU.Build.0 = Release|Any CPU
		{59BDF8A0-9813-42BC-AEA3-E8573984C66F}.Debug|Any CPU.ActiveCfg = Debug|Any CPU
		{59BDF8A0-9813-42BC-AEA3-E8573984C66F}.Debug|Any CPU.Build.0 = Debug|Any CPU
		{59BDF8A0-9813-42BC-AEA3-E8573984C66F}.Release|Any CPU.ActiveCfg = Release|Any CPU
		{59BDF8A0-9813-42BC-AEA3-E8573984C66F}.Release|Any CPU.Build.0 = Release|Any CPU
		{3D19167A-8990-4101-AA45-9118D167CD45}.Debug|Any CPU.ActiveCfg = Debug|Any CPU
		{3D19167A-8990-4101-AA45-9118D167CD45}.Debug|Any CPU.Build.0 = Debug|Any CPU
		{3D19167A-8990-4101-AA45-9118D167CD45}.Release|Any CPU.ActiveCfg = Release|Any CPU
		{3D19167A-8990-4101-AA45-9118D167CD45}.Release|Any CPU.Build.0 = Release|Any CPU
		{98B2BA72-EC43-4CCA-87C1-E39AC81BA7F2}.Debug|Any CPU.ActiveCfg = Debug|Any CPU
		{98B2BA72-EC43-4CCA-87C1-E39AC81BA7F2}.Debug|Any CPU.Build.0 = Debug|Any CPU
		{98B2BA72-EC43-4CCA-87C1-E39AC81BA7F2}.Release|Any CPU.ActiveCfg = Release|Any CPU
		{98B2BA72-EC43-4CCA-87C1-E39AC81BA7F2}.Release|Any CPU.Build.0 = Release|Any CPU
		{CACC1ADC-0FBC-4FF1-964F-94C336D55D2C}.Debug|Any CPU.ActiveCfg = Debug|Any CPU
		{CACC1ADC-0FBC-4FF1-964F-94C336D55D2C}.Debug|Any CPU.Build.0 = Debug|Any CPU
		{CACC1ADC-0FBC-4FF1-964F-94C336D55D2C}.Release|Any CPU.ActiveCfg = Release|Any CPU
		{CACC1ADC-0FBC-4FF1-964F-94C336D55D2C}.Release|Any CPU.Build.0 = Release|Any CPU
	EndGlobalSection
	GlobalSection(SolutionProperties) = preSolution
		HideSolutionNode = FALSE
	EndGlobalSection
	GlobalSection(ExtensibilityGlobals) = postSolution
		SolutionGuid = {839AB06E-0D46-4D18-8720-3258EAD638CD}
	EndGlobalSection
EndGlobal
