
Microsoft Visual Studio Solution File, Format Version 12.00
# Visual Studio Version 16
VisualStudioVersion = 16.0.28407.52
MinimumVisualStudioVersion = 10.0.40219.1
Project("{9A19103F-16F7-4668-BE54-9A1E7A4F7556}") = "Advent.Utilities", "Advent.Utilities\Advent.Utilities.csproj", "{98B2BA72-EC43-4CCA-87C1-E39AC81BA7F2}"
EndProject
Project("{2150E333-8FDC-42A3-9474-1A3956D46DE8}") = "2019", "2019", "{7A529FF8-5B7D-48B0-9CC4-F6E20F8E5D96}"
EndProject
Project("{2150E333-8FDC-42A3-9474-1A3956D46DE8}") = "2018", "2018", "{A40CAA35-7FC4-48A9-870F-631F0B835B92}"
EndProject
Project("{FAE04EC0-301F-11D3-BF4B-00C04F79EFBC}") = "20191201", "AdventCalendar2019\20191201\20191201.csproj", "{31937767-DA94-493F-8329-7A807D56F620}"
EndProject
Project("{9A19103F-16F7-4668-BE54-9A1E7A4F7556}") = "20191202", "AdventCalendar2019\20191202\20191202.csproj", "{CD54DEE0-E776-46BB-8ABC-94EF114CACD3}"
EndProject
Project("{9A19103F-16F7-4668-BE54-9A1E7A4F7556}") = "20181201", "AdventCalender2018\20181201\20181201.csproj", "{1DC2460B-E039-417C-A200-1AA91B4FDD59}"
EndProject
Project("{9A19103F-16F7-4668-BE54-9A1E7A4F7556}") = "20181202", "AdventCalender2018\20181202\20181202.csproj", "{3DC879A7-8D35-490F-A207-4E015171607C}"
EndProject
Project("{9A19103F-16F7-4668-BE54-9A1E7A4F7556}") = "20181203", "AdventCalender2018\20181203\20181203.csproj", "{3D824D49-7814-4B1B-9A95-427A2FF94680}"
EndProject
Project("{9A19103F-16F7-4668-BE54-9A1E7A4F7556}") = "20181204", "AdventCalender2018\20181204\20181204.csproj", "{F33A6EE0-2EC2-424A-BE7A-C361E6AB5ECF}"
EndProject
Project("{9A19103F-16F7-4668-BE54-9A1E7A4F7556}") = "20181205", "AdventCalender2018\20181205\20181205.csproj", "{4D634D22-44CA-4351-B3B9-D5B9A8619574}"
EndProject
Project("{9A19103F-16F7-4668-BE54-9A1E7A4F7556}") = "20181206", "AdventCalender2018\20181206\20181206.csproj", "{F2F84FA0-60BD-4369-8C08-B37AA62BDD50}"
EndProject
Global
	GlobalSection(SolutionConfigurationPlatforms) = preSolution
		Debug|Any CPU = Debug|Any CPU
		Release|Any CPU = Release|Any CPU
	EndGlobalSection
	GlobalSection(ProjectConfigurationPlatforms) = postSolution
		{98B2BA72-EC43-4CCA-87C1-E39AC81BA7F2}.Debug|Any CPU.ActiveCfg = Debug|Any CPU
		{98B2BA72-EC43-4CCA-87C1-E39AC81BA7F2}.Debug|Any CPU.Build.0 = Debug|Any CPU
		{98B2BA72-EC43-4CCA-87C1-E39AC81BA7F2}.Release|Any CPU.ActiveCfg = Release|Any CPU
		{98B2BA72-EC43-4CCA-87C1-E39AC81BA7F2}.Release|Any CPU.Build.0 = Release|Any CPU
		{31937767-DA94-493F-8329-7A807D56F620}.Debug|Any CPU.ActiveCfg = Debug|Any CPU
		{31937767-DA94-493F-8329-7A807D56F620}.Debug|Any CPU.Build.0 = Debug|Any CPU
		{31937767-DA94-493F-8329-7A807D56F620}.Release|Any CPU.ActiveCfg = Release|Any CPU
		{31937767-DA94-493F-8329-7A807D56F620}.Release|Any CPU.Build.0 = Release|Any CPU
		{CD54DEE0-E776-46BB-8ABC-94EF114CACD3}.Debug|Any CPU.ActiveCfg = Debug|Any CPU
		{CD54DEE0-E776-46BB-8ABC-94EF114CACD3}.Debug|Any CPU.Build.0 = Debug|Any CPU
		{CD54DEE0-E776-46BB-8ABC-94EF114CACD3}.Release|Any CPU.ActiveCfg = Release|Any CPU
		{CD54DEE0-E776-46BB-8ABC-94EF114CACD3}.Release|Any CPU.Build.0 = Release|Any CPU
		{1DC2460B-E039-417C-A200-1AA91B4FDD59}.Debug|Any CPU.ActiveCfg = Debug|Any CPU
		{1DC2460B-E039-417C-A200-1AA91B4FDD59}.Debug|Any CPU.Build.0 = Debug|Any CPU
		{1DC2460B-E039-417C-A200-1AA91B4FDD59}.Release|Any CPU.ActiveCfg = Release|Any CPU
		{1DC2460B-E039-417C-A200-1AA91B4FDD59}.Release|Any CPU.Build.0 = Release|Any CPU
		{3DC879A7-8D35-490F-A207-4E015171607C}.Debug|Any CPU.ActiveCfg = Debug|Any CPU
		{3DC879A7-8D35-490F-A207-4E015171607C}.Debug|Any CPU.Build.0 = Debug|Any CPU
		{3DC879A7-8D35-490F-A207-4E015171607C}.Release|Any CPU.ActiveCfg = Release|Any CPU
		{3DC879A7-8D35-490F-A207-4E015171607C}.Release|Any CPU.Build.0 = Release|Any CPU
		{3D824D49-7814-4B1B-9A95-427A2FF94680}.Debug|Any CPU.ActiveCfg = Debug|Any CPU
		{3D824D49-7814-4B1B-9A95-427A2FF94680}.Debug|Any CPU.Build.0 = Debug|Any CPU
		{3D824D49-7814-4B1B-9A95-427A2FF94680}.Release|Any CPU.ActiveCfg = Release|Any CPU
		{3D824D49-7814-4B1B-9A95-427A2FF94680}.Release|Any CPU.Build.0 = Release|Any CPU
		{F33A6EE0-2EC2-424A-BE7A-C361E6AB5ECF}.Debug|Any CPU.ActiveCfg = Debug|Any CPU
		{F33A6EE0-2EC2-424A-BE7A-C361E6AB5ECF}.Debug|Any CPU.Build.0 = Debug|Any CPU
		{F33A6EE0-2EC2-424A-BE7A-C361E6AB5ECF}.Release|Any CPU.ActiveCfg = Release|Any CPU
		{F33A6EE0-2EC2-424A-BE7A-C361E6AB5ECF}.Release|Any CPU.Build.0 = Release|Any CPU
		{4D634D22-44CA-4351-B3B9-D5B9A8619574}.Debug|Any CPU.ActiveCfg = Debug|Any CPU
		{4D634D22-44CA-4351-B3B9-D5B9A8619574}.Debug|Any CPU.Build.0 = Debug|Any CPU
		{4D634D22-44CA-4351-B3B9-D5B9A8619574}.Release|Any CPU.ActiveCfg = Release|Any CPU
		{4D634D22-44CA-4351-B3B9-D5B9A8619574}.Release|Any CPU.Build.0 = Release|Any CPU
		{F2F84FA0-60BD-4369-8C08-B37AA62BDD50}.Debug|Any CPU.ActiveCfg = Debug|Any CPU
		{F2F84FA0-60BD-4369-8C08-B37AA62BDD50}.Debug|Any CPU.Build.0 = Debug|Any CPU
		{F2F84FA0-60BD-4369-8C08-B37AA62BDD50}.Release|Any CPU.ActiveCfg = Release|Any CPU
		{F2F84FA0-60BD-4369-8C08-B37AA62BDD50}.Release|Any CPU.Build.0 = Release|Any CPU
	EndGlobalSection
	GlobalSection(SolutionProperties) = preSolution
		HideSolutionNode = FALSE
	EndGlobalSection
	GlobalSection(NestedProjects) = preSolution
		{31937767-DA94-493F-8329-7A807D56F620} = {7A529FF8-5B7D-48B0-9CC4-F6E20F8E5D96}
		{CD54DEE0-E776-46BB-8ABC-94EF114CACD3} = {7A529FF8-5B7D-48B0-9CC4-F6E20F8E5D96}
		{1DC2460B-E039-417C-A200-1AA91B4FDD59} = {A40CAA35-7FC4-48A9-870F-631F0B835B92}
		{3DC879A7-8D35-490F-A207-4E015171607C} = {A40CAA35-7FC4-48A9-870F-631F0B835B92}
		{3D824D49-7814-4B1B-9A95-427A2FF94680} = {A40CAA35-7FC4-48A9-870F-631F0B835B92}
		{F33A6EE0-2EC2-424A-BE7A-C361E6AB5ECF} = {A40CAA35-7FC4-48A9-870F-631F0B835B92}
		{4D634D22-44CA-4351-B3B9-D5B9A8619574} = {A40CAA35-7FC4-48A9-870F-631F0B835B92}
		{F2F84FA0-60BD-4369-8C08-B37AA62BDD50} = {A40CAA35-7FC4-48A9-870F-631F0B835B92}
	EndGlobalSection
	GlobalSection(ExtensibilityGlobals) = postSolution
		SolutionGuid = {839AB06E-0D46-4D18-8720-3258EAD638CD}
	EndGlobalSection
EndGlobal
