
Microsoft Visual Studio Solution File, Format Version 12.00
# Visual Studio Version 16
VisualStudioVersion = 16.0.28407.52
MinimumVisualStudioVersion = 10.0.40219.1
Project("{9A19103F-16F7-4668-BE54-9A1E7A4F7556}") = "Advent.Utilities", "Advent.Utilities\Advent.Utilities.csproj", "{98B2BA72-EC43-4CCA-87C1-E39AC81BA7F2}"
EndProject
Project("{2150E333-8FDC-42A3-9474-1A3956D46DE8}") = "2019", "2019", "{7A529FF8-5B7D-48B0-9CC4-F6E20F8E5D96}"
EndProject
Project("{2150E333-8FDC-42A3-9474-1A3956D46DE8}") = "2018", "2018", "{A40CAA35-7FC4-48A9-870F-631F0B835B92}"
EndProject
Project("{FAE04EC0-301F-11D3-BF4B-00C04F79EFBC}") = "20191201", "AdventCalendar2019\20191201\20191201.csproj", "{31937767-DA94-493F-8329-7A807D56F620}"
EndProject
Project("{9A19103F-16F7-4668-BE54-9A1E7A4F7556}") = "20191202", "AdventCalendar2019\20191202\20191202.csproj", "{CD54DEE0-E776-46BB-8ABC-94EF114CACD3}"
EndProject
Project("{9A19103F-16F7-4668-BE54-9A1E7A4F7556}") = "20181201", "AdventCalender2018\20181201\20181201.csproj", "{1DC2460B-E039-417C-A200-1AA91B4FDD59}"
EndProject
Project("{9A19103F-16F7-4668-BE54-9A1E7A4F7556}") = "20181202", "AdventCalender2018\20181202\20181202.csproj", "{3DC879A7-8D35-490F-A207-4E015171607C}"
EndProject
Project("{9A19103F-16F7-4668-BE54-9A1E7A4F7556}") = "20181203", "AdventCalender2018\20181203\20181203.csproj", "{3D824D49-7814-4B1B-9A95-427A2FF94680}"
EndProject
Project("{9A19103F-16F7-4668-BE54-9A1E7A4F7556}") = "20181204", "AdventCalender2018\20181204\20181204.csproj", "{F33A6EE0-2EC2-424A-BE7A-C361E6AB5ECF}"
EndProject
Project("{9A19103F-16F7-4668-BE54-9A1E7A4F7556}") = "20181205", "AdventCalender2018\20181205\20181205.csproj", "{4D634D22-44CA-4351-B3B9-D5B9A8619574}"
EndProject
Project("{9A19103F-16F7-4668-BE54-9A1E7A4F7556}") = "20181206", "AdventCalender2018\20181206\20181206.csproj", "{F2F84FA0-60BD-4369-8C08-B37AA62BDD50}"
EndProject
Project("{9A19103F-16F7-4668-BE54-9A1E7A4F7556}") = "20181207", "AdventCalender2018\20181207\20181207.csproj", "{F3FD30A1-0171-4DA7-A187-1B1E15AFC2D4}"
EndProject
Project("{9A19103F-16F7-4668-BE54-9A1E7A4F7556}") = "20181208", "AdventCalender2018\20181208\20181208.csproj", "{C66FFF83-2ED0-4730-B4BC-CF493FCA0EA2}"
EndProject
Project("{9A19103F-16F7-4668-BE54-9A1E7A4F7556}") = "20181209", "AdventCalender2018\20181209\20181209.csproj", "{71C6B61E-A441-4A0F-BAE3-2F48AF846CC9}"
EndProject
Project("{9A19103F-16F7-4668-BE54-9A1E7A4F7556}") = "20181210", "AdventCalender2018\20181210\20181210.csproj", "{702ADB85-0619-4E48-AC1A-37ADE3961674}"
EndProject
Project("{9A19103F-16F7-4668-BE54-9A1E7A4F7556}") = "20181211", "AdventCalender2018\20181211\20181211.csproj", "{48CF04B4-0FB4-4688-8FEC-4E65C5A0D9D8}"
EndProject
Project("{9A19103F-16F7-4668-BE54-9A1E7A4F7556}") = "20181212", "AdventCalender2018\20181212\20181212.csproj", "{BC88579E-F636-4B5D-AEFA-A5134B3BCCE9}"
EndProject
Project("{9A19103F-16F7-4668-BE54-9A1E7A4F7556}") = "20181213", "AdventCalender2018\20181213\20181213.csproj", "{EA022F83-EC26-46C4-95E2-9572A730665C}"
EndProject
Project("{9A19103F-16F7-4668-BE54-9A1E7A4F7556}") = "20181214", "AdventCalender2018\20181214\20181214.csproj", "{B0694B40-EE74-4B5D-9105-34806FDF1545}"
EndProject
Project("{9A19103F-16F7-4668-BE54-9A1E7A4F7556}") = "20181215", "AdventCalender2018\20181215\20181215.csproj", "{4C48A62E-361F-45A3-BB9F-3F43DA573F6E}"
EndProject
Project("{9A19103F-16F7-4668-BE54-9A1E7A4F7556}") = "20181216", "AdventCalender2018\20181216\20181216.csproj", "{27AC06BF-1691-44C9-B3B9-3C5C40515B51}"
EndProject
Project("{9A19103F-16F7-4668-BE54-9A1E7A4F7556}") = "20181217", "AdventCalender2018\20181217\20181217.csproj", "{97036786-5B67-4465-AE77-36A56D21A6CA}"
EndProject
Project("{9A19103F-16F7-4668-BE54-9A1E7A4F7556}") = "20181218", "AdventCalender2018\20181218\20181218.csproj", "{D20495E2-B73F-4F07-9F8D-C5EDD3C4325D}"
EndProject
Project("{9A19103F-16F7-4668-BE54-9A1E7A4F7556}") = "20181219", "AdventCalender2018\20181219\20181219.csproj", "{59F342F2-1B8B-43D2-A1A9-1F78C0EF7043}"
EndProject
Project("{9A19103F-16F7-4668-BE54-9A1E7A4F7556}") = "20181220", "AdventCalender2018\20181220\20181220.csproj", "{98DCD479-5EF1-4DE1-BAED-5B25CBA0E4B1}"
EndProject
Project("{9A19103F-16F7-4668-BE54-9A1E7A4F7556}") = "20181221", "AdventCalender2018\20181221\20181221.csproj", "{C120EC2F-2B4D-4FF2-BC3D-FA0F5F25A7CF}"
EndProject
Project("{9A19103F-16F7-4668-BE54-9A1E7A4F7556}") = "20181222", "AdventCalender2018\20181222\20181222.csproj", "{936FAD3A-67E6-491C-8E7B-DA0A00F899C1}"
EndProject
Project("{9A19103F-16F7-4668-BE54-9A1E7A4F7556}") = "20181223", "AdventCalender2018\20181223\20181223.csproj", "{31C31D80-159E-4B32-90BC-CE9480CE8A55}"
EndProject
Project("{9A19103F-16F7-4668-BE54-9A1E7A4F7556}") = "20181224", "AdventCalender2018\20181224\20181224.csproj", "{D20BFA68-C155-48D9-94A1-A4C8DD03B137}"
EndProject
Project("{9A19103F-16F7-4668-BE54-9A1E7A4F7556}") = "20181225", "AdventCalender2018\20181225\20181225.csproj", "{0295CDE0-4841-400A-B357-DB190519066B}"
EndProject
Project("{9A19103F-16F7-4668-BE54-9A1E7A4F7556}") = "20191203", "AdventCalendar2019\20191203\20191203.csproj", "{A4CAD40C-2FB3-4D2E-9A25-7914884A21DC}"
EndProject
Project("{9A19103F-16F7-4668-BE54-9A1E7A4F7556}") = "20191204", "AdventCalendar2019\20191204\20191204.csproj", "{EACE34CC-0A8A-4CD6-B0AF-F271870E0BBA}"
EndProject
Project("{9A19103F-16F7-4668-BE54-9A1E7A4F7556}") = "20191205", "AdventCalendar2019\20191205\20191205.csproj", "{2A3D6BB0-57CA-4094-973B-3F58ACA43014}"
EndProject
Global
	GlobalSection(SolutionConfigurationPlatforms) = preSolution
		Debug|Any CPU = Debug|Any CPU
		Release|Any CPU = Release|Any CPU
	EndGlobalSection
	GlobalSection(ProjectConfigurationPlatforms) = postSolution
		{98B2BA72-EC43-4CCA-87C1-E39AC81BA7F2}.Debug|Any CPU.ActiveCfg = Debug|Any CPU
		{98B2BA72-EC43-4CCA-87C1-E39AC81BA7F2}.Debug|Any CPU.Build.0 = Debug|Any CPU
		{98B2BA72-EC43-4CCA-87C1-E39AC81BA7F2}.Release|Any CPU.ActiveCfg = Release|Any CPU
		{98B2BA72-EC43-4CCA-87C1-E39AC81BA7F2}.Release|Any CPU.Build.0 = Release|Any CPU
		{31937767-DA94-493F-8329-7A807D56F620}.Debug|Any CPU.ActiveCfg = Debug|Any CPU
		{31937767-DA94-493F-8329-7A807D56F620}.Debug|Any CPU.Build.0 = Debug|Any CPU
		{31937767-DA94-493F-8329-7A807D56F620}.Release|Any CPU.ActiveCfg = Release|Any CPU
		{31937767-DA94-493F-8329-7A807D56F620}.Release|Any CPU.Build.0 = Release|Any CPU
		{CD54DEE0-E776-46BB-8ABC-94EF114CACD3}.Debug|Any CPU.ActiveCfg = Debug|Any CPU
		{CD54DEE0-E776-46BB-8ABC-94EF114CACD3}.Debug|Any CPU.Build.0 = Debug|Any CPU
		{CD54DEE0-E776-46BB-8ABC-94EF114CACD3}.Release|Any CPU.ActiveCfg = Release|Any CPU
		{CD54DEE0-E776-46BB-8ABC-94EF114CACD3}.Release|Any CPU.Build.0 = Release|Any CPU
		{1DC2460B-E039-417C-A200-1AA91B4FDD59}.Debug|Any CPU.ActiveCfg = Debug|Any CPU
		{1DC2460B-E039-417C-A200-1AA91B4FDD59}.Debug|Any CPU.Build.0 = Debug|Any CPU
		{1DC2460B-E039-417C-A200-1AA91B4FDD59}.Release|Any CPU.ActiveCfg = Release|Any CPU
		{1DC2460B-E039-417C-A200-1AA91B4FDD59}.Release|Any CPU.Build.0 = Release|Any CPU
		{3DC879A7-8D35-490F-A207-4E015171607C}.Debug|Any CPU.ActiveCfg = Debug|Any CPU
		{3DC879A7-8D35-490F-A207-4E015171607C}.Debug|Any CPU.Build.0 = Debug|Any CPU
		{3DC879A7-8D35-490F-A207-4E015171607C}.Release|Any CPU.ActiveCfg = Release|Any CPU
		{3DC879A7-8D35-490F-A207-4E015171607C}.Release|Any CPU.Build.0 = Release|Any CPU
		{3D824D49-7814-4B1B-9A95-427A2FF94680}.Debug|Any CPU.ActiveCfg = Debug|Any CPU
		{3D824D49-7814-4B1B-9A95-427A2FF94680}.Debug|Any CPU.Build.0 = Debug|Any CPU
		{3D824D49-7814-4B1B-9A95-427A2FF94680}.Release|Any CPU.ActiveCfg = Release|Any CPU
		{3D824D49-7814-4B1B-9A95-427A2FF94680}.Release|Any CPU.Build.0 = Release|Any CPU
		{F33A6EE0-2EC2-424A-BE7A-C361E6AB5ECF}.Debug|Any CPU.ActiveCfg = Debug|Any CPU
		{F33A6EE0-2EC2-424A-BE7A-C361E6AB5ECF}.Debug|Any CPU.Build.0 = Debug|Any CPU
		{F33A6EE0-2EC2-424A-BE7A-C361E6AB5ECF}.Release|Any CPU.ActiveCfg = Release|Any CPU
		{F33A6EE0-2EC2-424A-BE7A-C361E6AB5ECF}.Release|Any CPU.Build.0 = Release|Any CPU
		{4D634D22-44CA-4351-B3B9-D5B9A8619574}.Debug|Any CPU.ActiveCfg = Debug|Any CPU
		{4D634D22-44CA-4351-B3B9-D5B9A8619574}.Debug|Any CPU.Build.0 = Debug|Any CPU
		{4D634D22-44CA-4351-B3B9-D5B9A8619574}.Release|Any CPU.ActiveCfg = Release|Any CPU
		{4D634D22-44CA-4351-B3B9-D5B9A8619574}.Release|Any CPU.Build.0 = Release|Any CPU
		{F2F84FA0-60BD-4369-8C08-B37AA62BDD50}.Debug|Any CPU.ActiveCfg = Debug|Any CPU
		{F2F84FA0-60BD-4369-8C08-B37AA62BDD50}.Debug|Any CPU.Build.0 = Debug|Any CPU
		{F2F84FA0-60BD-4369-8C08-B37AA62BDD50}.Release|Any CPU.ActiveCfg = Release|Any CPU
		{F2F84FA0-60BD-4369-8C08-B37AA62BDD50}.Release|Any CPU.Build.0 = Release|Any CPU
		{F3FD30A1-0171-4DA7-A187-1B1E15AFC2D4}.Debug|Any CPU.ActiveCfg = Debug|Any CPU
		{F3FD30A1-0171-4DA7-A187-1B1E15AFC2D4}.Debug|Any CPU.Build.0 = Debug|Any CPU
		{F3FD30A1-0171-4DA7-A187-1B1E15AFC2D4}.Release|Any CPU.ActiveCfg = Release|Any CPU
		{F3FD30A1-0171-4DA7-A187-1B1E15AFC2D4}.Release|Any CPU.Build.0 = Release|Any CPU
		{C66FFF83-2ED0-4730-B4BC-CF493FCA0EA2}.Debug|Any CPU.ActiveCfg = Debug|Any CPU
		{C66FFF83-2ED0-4730-B4BC-CF493FCA0EA2}.Debug|Any CPU.Build.0 = Debug|Any CPU
		{C66FFF83-2ED0-4730-B4BC-CF493FCA0EA2}.Release|Any CPU.ActiveCfg = Release|Any CPU
		{C66FFF83-2ED0-4730-B4BC-CF493FCA0EA2}.Release|Any CPU.Build.0 = Release|Any CPU
		{71C6B61E-A441-4A0F-BAE3-2F48AF846CC9}.Debug|Any CPU.ActiveCfg = Debug|Any CPU
		{71C6B61E-A441-4A0F-BAE3-2F48AF846CC9}.Debug|Any CPU.Build.0 = Debug|Any CPU
		{71C6B61E-A441-4A0F-BAE3-2F48AF846CC9}.Release|Any CPU.ActiveCfg = Release|Any CPU
		{71C6B61E-A441-4A0F-BAE3-2F48AF846CC9}.Release|Any CPU.Build.0 = Release|Any CPU
		{702ADB85-0619-4E48-AC1A-37ADE3961674}.Debug|Any CPU.ActiveCfg = Debug|Any CPU
		{702ADB85-0619-4E48-AC1A-37ADE3961674}.Debug|Any CPU.Build.0 = Debug|Any CPU
		{702ADB85-0619-4E48-AC1A-37ADE3961674}.Release|Any CPU.ActiveCfg = Release|Any CPU
		{702ADB85-0619-4E48-AC1A-37ADE3961674}.Release|Any CPU.Build.0 = Release|Any CPU
		{48CF04B4-0FB4-4688-8FEC-4E65C5A0D9D8}.Debug|Any CPU.ActiveCfg = Debug|Any CPU
		{48CF04B4-0FB4-4688-8FEC-4E65C5A0D9D8}.Debug|Any CPU.Build.0 = Debug|Any CPU
		{48CF04B4-0FB4-4688-8FEC-4E65C5A0D9D8}.Release|Any CPU.ActiveCfg = Release|Any CPU
		{48CF04B4-0FB4-4688-8FEC-4E65C5A0D9D8}.Release|Any CPU.Build.0 = Release|Any CPU
		{BC88579E-F636-4B5D-AEFA-A5134B3BCCE9}.Debug|Any CPU.ActiveCfg = Debug|Any CPU
		{BC88579E-F636-4B5D-AEFA-A5134B3BCCE9}.Debug|Any CPU.Build.0 = Debug|Any CPU
		{BC88579E-F636-4B5D-AEFA-A5134B3BCCE9}.Release|Any CPU.ActiveCfg = Release|Any CPU
		{BC88579E-F636-4B5D-AEFA-A5134B3BCCE9}.Release|Any CPU.Build.0 = Release|Any CPU
		{EA022F83-EC26-46C4-95E2-9572A730665C}.Debug|Any CPU.ActiveCfg = Debug|Any CPU
		{EA022F83-EC26-46C4-95E2-9572A730665C}.Debug|Any CPU.Build.0 = Debug|Any CPU
		{EA022F83-EC26-46C4-95E2-9572A730665C}.Release|Any CPU.ActiveCfg = Release|Any CPU
		{EA022F83-EC26-46C4-95E2-9572A730665C}.Release|Any CPU.Build.0 = Release|Any CPU
		{B0694B40-EE74-4B5D-9105-34806FDF1545}.Debug|Any CPU.ActiveCfg = Debug|Any CPU
		{B0694B40-EE74-4B5D-9105-34806FDF1545}.Debug|Any CPU.Build.0 = Debug|Any CPU
		{B0694B40-EE74-4B5D-9105-34806FDF1545}.Release|Any CPU.ActiveCfg = Release|Any CPU
		{B0694B40-EE74-4B5D-9105-34806FDF1545}.Release|Any CPU.Build.0 = Release|Any CPU
		{4C48A62E-361F-45A3-BB9F-3F43DA573F6E}.Debug|Any CPU.ActiveCfg = Debug|Any CPU
		{4C48A62E-361F-45A3-BB9F-3F43DA573F6E}.Debug|Any CPU.Build.0 = Debug|Any CPU
		{4C48A62E-361F-45A3-BB9F-3F43DA573F6E}.Release|Any CPU.ActiveCfg = Release|Any CPU
		{4C48A62E-361F-45A3-BB9F-3F43DA573F6E}.Release|Any CPU.Build.0 = Release|Any CPU
		{27AC06BF-1691-44C9-B3B9-3C5C40515B51}.Debug|Any CPU.ActiveCfg = Debug|Any CPU
		{27AC06BF-1691-44C9-B3B9-3C5C40515B51}.Debug|Any CPU.Build.0 = Debug|Any CPU
		{27AC06BF-1691-44C9-B3B9-3C5C40515B51}.Release|Any CPU.ActiveCfg = Release|Any CPU
		{27AC06BF-1691-44C9-B3B9-3C5C40515B51}.Release|Any CPU.Build.0 = Release|Any CPU
		{97036786-5B67-4465-AE77-36A56D21A6CA}.Debug|Any CPU.ActiveCfg = Debug|Any CPU
		{97036786-5B67-4465-AE77-36A56D21A6CA}.Debug|Any CPU.Build.0 = Debug|Any CPU
		{97036786-5B67-4465-AE77-36A56D21A6CA}.Release|Any CPU.ActiveCfg = Release|Any CPU
		{97036786-5B67-4465-AE77-36A56D21A6CA}.Release|Any CPU.Build.0 = Release|Any CPU
		{D20495E2-B73F-4F07-9F8D-C5EDD3C4325D}.Debug|Any CPU.ActiveCfg = Debug|Any CPU
		{D20495E2-B73F-4F07-9F8D-C5EDD3C4325D}.Debug|Any CPU.Build.0 = Debug|Any CPU
		{D20495E2-B73F-4F07-9F8D-C5EDD3C4325D}.Release|Any CPU.ActiveCfg = Release|Any CPU
		{D20495E2-B73F-4F07-9F8D-C5EDD3C4325D}.Release|Any CPU.Build.0 = Release|Any CPU
		{59F342F2-1B8B-43D2-A1A9-1F78C0EF7043}.Debug|Any CPU.ActiveCfg = Debug|Any CPU
		{59F342F2-1B8B-43D2-A1A9-1F78C0EF7043}.Debug|Any CPU.Build.0 = Debug|Any CPU
		{59F342F2-1B8B-43D2-A1A9-1F78C0EF7043}.Release|Any CPU.ActiveCfg = Release|Any CPU
		{59F342F2-1B8B-43D2-A1A9-1F78C0EF7043}.Release|Any CPU.Build.0 = Release|Any CPU
		{98DCD479-5EF1-4DE1-BAED-5B25CBA0E4B1}.Debug|Any CPU.ActiveCfg = Debug|Any CPU
		{98DCD479-5EF1-4DE1-BAED-5B25CBA0E4B1}.Debug|Any CPU.Build.0 = Debug|Any CPU
		{98DCD479-5EF1-4DE1-BAED-5B25CBA0E4B1}.Release|Any CPU.ActiveCfg = Release|Any CPU
		{98DCD479-5EF1-4DE1-BAED-5B25CBA0E4B1}.Release|Any CPU.Build.0 = Release|Any CPU
		{C120EC2F-2B4D-4FF2-BC3D-FA0F5F25A7CF}.Debug|Any CPU.ActiveCfg = Debug|Any CPU
		{C120EC2F-2B4D-4FF2-BC3D-FA0F5F25A7CF}.Debug|Any CPU.Build.0 = Debug|Any CPU
		{C120EC2F-2B4D-4FF2-BC3D-FA0F5F25A7CF}.Release|Any CPU.ActiveCfg = Release|Any CPU
		{C120EC2F-2B4D-4FF2-BC3D-FA0F5F25A7CF}.Release|Any CPU.Build.0 = Release|Any CPU
		{936FAD3A-67E6-491C-8E7B-DA0A00F899C1}.Debug|Any CPU.ActiveCfg = Debug|Any CPU
		{936FAD3A-67E6-491C-8E7B-DA0A00F899C1}.Debug|Any CPU.Build.0 = Debug|Any CPU
		{936FAD3A-67E6-491C-8E7B-DA0A00F899C1}.Release|Any CPU.ActiveCfg = Release|Any CPU
		{936FAD3A-67E6-491C-8E7B-DA0A00F899C1}.Release|Any CPU.Build.0 = Release|Any CPU
		{31C31D80-159E-4B32-90BC-CE9480CE8A55}.Debug|Any CPU.ActiveCfg = Debug|Any CPU
		{31C31D80-159E-4B32-90BC-CE9480CE8A55}.Debug|Any CPU.Build.0 = Debug|Any CPU
		{31C31D80-159E-4B32-90BC-CE9480CE8A55}.Release|Any CPU.ActiveCfg = Release|Any CPU
		{31C31D80-159E-4B32-90BC-CE9480CE8A55}.Release|Any CPU.Build.0 = Release|Any CPU
		{D20BFA68-C155-48D9-94A1-A4C8DD03B137}.Debug|Any CPU.ActiveCfg = Debug|Any CPU
		{D20BFA68-C155-48D9-94A1-A4C8DD03B137}.Debug|Any CPU.Build.0 = Debug|Any CPU
		{D20BFA68-C155-48D9-94A1-A4C8DD03B137}.Release|Any CPU.ActiveCfg = Release|Any CPU
		{D20BFA68-C155-48D9-94A1-A4C8DD03B137}.Release|Any CPU.Build.0 = Release|Any CPU
		{0295CDE0-4841-400A-B357-DB190519066B}.Debug|Any CPU.ActiveCfg = Debug|Any CPU
		{0295CDE0-4841-400A-B357-DB190519066B}.Debug|Any CPU.Build.0 = Debug|Any CPU
		{0295CDE0-4841-400A-B357-DB190519066B}.Release|Any CPU.ActiveCfg = Release|Any CPU
		{0295CDE0-4841-400A-B357-DB190519066B}.Release|Any CPU.Build.0 = Release|Any CPU
		{A4CAD40C-2FB3-4D2E-9A25-7914884A21DC}.Debug|Any CPU.ActiveCfg = Debug|Any CPU
		{A4CAD40C-2FB3-4D2E-9A25-7914884A21DC}.Debug|Any CPU.Build.0 = Debug|Any CPU
		{A4CAD40C-2FB3-4D2E-9A25-7914884A21DC}.Release|Any CPU.ActiveCfg = Release|Any CPU
		{A4CAD40C-2FB3-4D2E-9A25-7914884A21DC}.Release|Any CPU.Build.0 = Release|Any CPU
		{EACE34CC-0A8A-4CD6-B0AF-F271870E0BBA}.Debug|Any CPU.ActiveCfg = Debug|Any CPU
		{EACE34CC-0A8A-4CD6-B0AF-F271870E0BBA}.Debug|Any CPU.Build.0 = Debug|Any CPU
		{EACE34CC-0A8A-4CD6-B0AF-F271870E0BBA}.Release|Any CPU.ActiveCfg = Release|Any CPU
		{EACE34CC-0A8A-4CD6-B0AF-F271870E0BBA}.Release|Any CPU.Build.0 = Release|Any CPU
		{2A3D6BB0-57CA-4094-973B-3F58ACA43014}.Debug|Any CPU.ActiveCfg = Debug|Any CPU
		{2A3D6BB0-57CA-4094-973B-3F58ACA43014}.Debug|Any CPU.Build.0 = Debug|Any CPU
		{2A3D6BB0-57CA-4094-973B-3F58ACA43014}.Release|Any CPU.ActiveCfg = Release|Any CPU
		{2A3D6BB0-57CA-4094-973B-3F58ACA43014}.Release|Any CPU.Build.0 = Release|Any CPU
	EndGlobalSection
	GlobalSection(SolutionProperties) = preSolution
		HideSolutionNode = FALSE
	EndGlobalSection
	GlobalSection(NestedProjects) = preSolution
		{31937767-DA94-493F-8329-7A807D56F620} = {7A529FF8-5B7D-48B0-9CC4-F6E20F8E5D96}
		{CD54DEE0-E776-46BB-8ABC-94EF114CACD3} = {7A529FF8-5B7D-48B0-9CC4-F6E20F8E5D96}
		{1DC2460B-E039-417C-A200-1AA91B4FDD59} = {A40CAA35-7FC4-48A9-870F-631F0B835B92}
		{3DC879A7-8D35-490F-A207-4E015171607C} = {A40CAA35-7FC4-48A9-870F-631F0B835B92}
		{3D824D49-7814-4B1B-9A95-427A2FF94680} = {A40CAA35-7FC4-48A9-870F-631F0B835B92}
		{F33A6EE0-2EC2-424A-BE7A-C361E6AB5ECF} = {A40CAA35-7FC4-48A9-870F-631F0B835B92}
		{4D634D22-44CA-4351-B3B9-D5B9A8619574} = {A40CAA35-7FC4-48A9-870F-631F0B835B92}
		{F2F84FA0-60BD-4369-8C08-B37AA62BDD50} = {A40CAA35-7FC4-48A9-870F-631F0B835B92}
		{F3FD30A1-0171-4DA7-A187-1B1E15AFC2D4} = {A40CAA35-7FC4-48A9-870F-631F0B835B92}
		{C66FFF83-2ED0-4730-B4BC-CF493FCA0EA2} = {A40CAA35-7FC4-48A9-870F-631F0B835B92}
		{71C6B61E-A441-4A0F-BAE3-2F48AF846CC9} = {A40CAA35-7FC4-48A9-870F-631F0B835B92}
		{702ADB85-0619-4E48-AC1A-37ADE3961674} = {A40CAA35-7FC4-48A9-870F-631F0B835B92}
		{48CF04B4-0FB4-4688-8FEC-4E65C5A0D9D8} = {A40CAA35-7FC4-48A9-870F-631F0B835B92}
		{BC88579E-F636-4B5D-AEFA-A5134B3BCCE9} = {A40CAA35-7FC4-48A9-870F-631F0B835B92}
		{EA022F83-EC26-46C4-95E2-9572A730665C} = {A40CAA35-7FC4-48A9-870F-631F0B835B92}
		{B0694B40-EE74-4B5D-9105-34806FDF1545} = {A40CAA35-7FC4-48A9-870F-631F0B835B92}
		{4C48A62E-361F-45A3-BB9F-3F43DA573F6E} = {A40CAA35-7FC4-48A9-870F-631F0B835B92}
		{27AC06BF-1691-44C9-B3B9-3C5C40515B51} = {A40CAA35-7FC4-48A9-870F-631F0B835B92}
		{97036786-5B67-4465-AE77-36A56D21A6CA} = {A40CAA35-7FC4-48A9-870F-631F0B835B92}
		{D20495E2-B73F-4F07-9F8D-C5EDD3C4325D} = {A40CAA35-7FC4-48A9-870F-631F0B835B92}
		{59F342F2-1B8B-43D2-A1A9-1F78C0EF7043} = {A40CAA35-7FC4-48A9-870F-631F0B835B92}
		{98DCD479-5EF1-4DE1-BAED-5B25CBA0E4B1} = {A40CAA35-7FC4-48A9-870F-631F0B835B92}
		{C120EC2F-2B4D-4FF2-BC3D-FA0F5F25A7CF} = {A40CAA35-7FC4-48A9-870F-631F0B835B92}
		{936FAD3A-67E6-491C-8E7B-DA0A00F899C1} = {A40CAA35-7FC4-48A9-870F-631F0B835B92}
		{31C31D80-159E-4B32-90BC-CE9480CE8A55} = {A40CAA35-7FC4-48A9-870F-631F0B835B92}
		{D20BFA68-C155-48D9-94A1-A4C8DD03B137} = {A40CAA35-7FC4-48A9-870F-631F0B835B92}
		{0295CDE0-4841-400A-B357-DB190519066B} = {A40CAA35-7FC4-48A9-870F-631F0B835B92}
		{A4CAD40C-2FB3-4D2E-9A25-7914884A21DC} = {7A529FF8-5B7D-48B0-9CC4-F6E20F8E5D96}
		{EACE34CC-0A8A-4CD6-B0AF-F271870E0BBA} = {7A529FF8-5B7D-48B0-9CC4-F6E20F8E5D96}
		{2A3D6BB0-57CA-4094-973B-3F58ACA43014} = {7A529FF8-5B7D-48B0-9CC4-F6E20F8E5D96}
	EndGlobalSection
	GlobalSection(ExtensibilityGlobals) = postSolution
		SolutionGuid = {839AB06E-0D46-4D18-8720-3258EAD638CD}
	EndGlobalSection
EndGlobal
